// !$*UTF8*$!
{
	archiveVersion = 1;
	classes = {
	};
	objectVersion = 50;
	objects = {

/* Begin PBXBuildFile section */
		7A8B6399254B18E9008B3417 /* AppDelegate.swift in Sources */ = {isa = PBXBuildFile; fileRef = 7A8B6398254B18E9008B3417 /* AppDelegate.swift */; };
		7A8B639B254B18E9008B3417 /* SceneDelegate.swift in Sources */ = {isa = PBXBuildFile; fileRef = 7A8B639A254B18E9008B3417 /* SceneDelegate.swift */; };
		7A8B639D254B18E9008B3417 /* ViewController.swift in Sources */ = {isa = PBXBuildFile; fileRef = 7A8B639C254B18E9008B3417 /* ViewController.swift */; };
		7A8B63A0254B18EA008B3417 /* Main.storyboard in Resources */ = {isa = PBXBuildFile; fileRef = 7A8B639E254B18EA008B3417 /* Main.storyboard */; };
		7A8B63A2254B18F7008B3417 /* Assets.xcassets in Resources */ = {isa = PBXBuildFile; fileRef = 7A8B63A1254B18F7008B3417 /* Assets.xcassets */; };
		7A8B63A5254B18F7008B3417 /* LaunchScreen.storyboard in Resources */ = {isa = PBXBuildFile; fileRef = 7A8B63A3254B18F7008B3417 /* LaunchScreen.storyboard */; };
		7A8B63B0254B1E26008B3417 /* libsqlite3.tbd in Frameworks */ = {isa = PBXBuildFile; fileRef = 7A8B63AF254B1E09008B3417 /* libsqlite3.tbd */; };
/* End PBXBuildFile section */

/* Begin PBXFileReference section */
		7A8B6395254B18E9008B3417 /* SQL_test.app */ = {isa = PBXFileReference; explicitFileType = wrapper.application; includeInIndex = 0; path = SQL_test.app; sourceTree = BUILT_PRODUCTS_DIR; };
		7A8B6398254B18E9008B3417 /* AppDelegate.swift */ = {isa = PBXFileReference; lastKnownFileType = sourcecode.swift; path = AppDelegate.swift; sourceTree = "<group>"; };
		7A8B639A254B18E9008B3417 /* SceneDelegate.swift */ = {isa = PBXFileReference; lastKnownFileType = sourcecode.swift; path = SceneDelegate.swift; sourceTree = "<group>"; };
		7A8B639C254B18E9008B3417 /* ViewController.swift */ = {isa = PBXFileReference; lastKnownFileType = sourcecode.swift; path = ViewController.swift; sourceTree = "<group>"; };
		7A8B639F254B18EA008B3417 /* Base */ = {isa = PBXFileReference; lastKnownFileType = file.storyboard; name = Base; path = Base.lproj/Main.storyboard; sourceTree = "<group>"; };
		7A8B63A1254B18F7008B3417 /* Assets.xcassets */ = {isa = PBXFileReference; lastKnownFileType = folder.assetcatalog; path = Assets.xcassets; sourceTree = "<group>"; };
		7A8B63A4254B18F7008B3417 /* Base */ = {isa = PBXFileReference; lastKnownFileType = file.storyboard; name = Base; path = Base.lproj/LaunchScreen.storyboard; sourceTree = "<group>"; };
		7A8B63A6254B18F7008B3417 /* Info.plist */ = {isa = PBXFileReference; lastKnownFileType = text.plist.xml; path = Info.plist; sourceTree = "<group>"; };
		7A8B63AE254B1DD7008B3417 /* libsqlite3.0.tbd */ = {isa = PBXFileReference; lastKnownFileType = "sourcecode.text-based-dylib-definition"; name = libsqlite3.0.tbd; path = usr/lib/libsqlite3.0.tbd; sourceTree = SDKROOT; };
		7A8B63AF254B1E09008B3417 /* libsqlite3.tbd */ = {isa = PBXFileReference; lastKnownFileType = "sourcecode.text-based-dylib-definition"; name = libsqlite3.tbd; path = usr/lib/libsqlite3.tbd; sourceTree = SDKROOT; };
		7A8B63B2254B1E73008B3417 /* BridgeHeader.h */ = {isa = PBXFileReference; lastKnownFileType = sourcecode.c.h; path = BridgeHeader.h; sourceTree = "<group>"; };
/* End PBXFileReference section */

/* Begin PBXFrameworksBuildPhase section */
		7A8B6392254B18E9008B3417 /* Frameworks */ = {
			isa = PBXFrameworksBuildPhase;
			buildActionMask = 2147483647;
			files = (
				7A8B63B0254B1E26008B3417 /* libsqlite3.tbd in Frameworks */,
			);
			runOnlyForDeploymentPostprocessing = 0;
		};
/* End PBXFrameworksBuildPhase section */

/* Begin PBXGroup section */
		7A8B638C254B18E9008B3417 = {
			isa = PBXGroup;
			children = (
				7A8B6397254B18E9008B3417 /* SQL_test */,
				7A8B6396254B18E9008B3417 /* Products */,
				7A8B63AD254B1DD6008B3417 /* Frameworks */,
			);
			sourceTree = "<group>";
		};
		7A8B6396254B18E9008B3417 /* Products */ = {
			isa = PBXGroup;
			children = (
				7A8B6395254B18E9008B3417 /* SQL_test.app */,
			);
			name = Products;
			sourceTree = "<group>";
		};
		7A8B6397254B18E9008B3417 /* SQL_test */ = {
			isa = PBXGroup;
			children = (
				7A8B6398254B18E9008B3417 /* AppDelegate.swift */,
				7A8B639A254B18E9008B3417 /* SceneDelegate.swift */,
				7A8B639C254B18E9008B3417 /* ViewController.swift */,
				7A8B639E254B18EA008B3417 /* Main.storyboard */,
				7A8B63A1254B18F7008B3417 /* Assets.xcassets */,
				7A8B63A3254B18F7008B3417 /* LaunchScreen.storyboard */,
				7A8B63A6254B18F7008B3417 /* Info.plist */,
				7A8B63B2254B1E73008B3417 /* BridgeHeader.h */,
			);
			path = SQL_test;
			sourceTree = "<group>";
		};
		7A8B63AD254B1DD6008B3417 /* Frameworks */ = {
			isa = PBXGroup;
			children = (
				7A8B63AF254B1E09008B3417 /* libsqlite3.tbd */,
				7A8B63AE254B1DD7008B3417 /* libsqlite3.0.tbd */,
			);
			name = Frameworks;
			sourceTree = "<group>";
		};
/* End PBXGroup section */

/* Begin PBXNativeTarget section */
		7A8B6394254B18E9008B3417 /* SQL_test */ = {
			isa = PBXNativeTarget;
			buildConfigurationList = 7A8B63A9254B18F7008B3417 /* Build configuration list for PBXNativeTarget "SQL_test" */;
			buildPhases = (
				7A8B6391254B18E9008B3417 /* Sources */,
				7A8B6392254B18E9008B3417 /* Frameworks */,
				7A8B6393254B18E9008B3417 /* Resources */,
			);
			buildRules = (
			);
			dependencies = (
			);
			name = SQL_test;
			productName = SQL_test;
			productReference = 7A8B6395254B18E9008B3417 /* SQL_test.app */;
			productType = "com.apple.product-type.application";
		};
/* End PBXNativeTarget section */

/* Begin PBXProject section */
		7A8B638D254B18E9008B3417 /* Project object */ = {
			isa = PBXProject;
			attributes = {
				LastSwiftUpdateCheck = 1200;
				LastUpgradeCheck = 1200;
				TargetAttributes = {
					7A8B6394254B18E9008B3417 = {
						CreatedOnToolsVersion = 12.0.1;
					};
				};
			};
			buildConfigurationList = 7A8B6390254B18E9008B3417 /* Build configuration list for PBXProject "SQL_test" */;
			compatibilityVersion = "Xcode 9.3";
			developmentRegion = en;
			hasScannedForEncodings = 0;
			knownRegions = (
				en,
				Base,
			);
			mainGroup = 7A8B638C254B18E9008B3417;
			productRefGroup = 7A8B6396254B18E9008B3417 /* Products */;
			projectDirPath = "";
			projectRoot = "";
			targets = (
				7A8B6394254B18E9008B3417 /* SQL_test */,
			);
		};
/* End PBXProject section */

/* Begin PBXResourcesBuildPhase section */
		7A8B6393254B18E9008B3417 /* Resources */ = {
			isa = PBXResourcesBuildPhase;
			buildActionMask = 2147483647;
			files = (
				7A8B63A5254B18F7008B3417 /* LaunchScreen.storyboard in Resources */,
				7A8B63A2254B18F7008B3417 /* Assets.xcassets in Resources */,
				7A8B63A0254B18EA008B3417 /* Main.storyboard in Resources */,
			);
			runOnlyForDeploymentPostprocessing = 0;
		};
/* End PBXResourcesBuildPhase section */

/* Begin PBXSourcesBuildPhase section */
		7A8B6391254B18E9008B3417 /* Sources */ = {
			isa = PBXSourcesBuildPhase;
			buildActionMask = 2147483647;
			files = (
				7A8B639D254B18E9008B3417 /* ViewController.swift in Sources */,
				7A8B6399254B18E9008B3417 /* AppDelegate.swift in Sources */,
				7A8B639B254B18E9008B3417 /* SceneDelegate.swift in Sources */,
			);
			runOnlyForDeploymentPostprocessing = 0;
		};
/* End PBXSourcesBuildPhase section */

/* Begin PBXVariantGroup section */
		7A8B639E254B18EA008B3417 /* Main.storyboard */ = {
			isa = PBXVariantGroup;
			children = (
				7A8B639F254B18EA008B3417 /* Base */,
			);
			name = Main.storyboard;
			sourceTree = "<group>";
		};
		7A8B63A3254B18F7008B3417 /* LaunchScreen.storyboard */ = {
			isa = PBXVariantGroup;
			children = (
				7A8B63A4254B18F7008B3417 /* Base */,
			);
			name = LaunchScreen.storyboard;
			sourceTree = "<group>";
		};
/* End PBXVariantGroup section */

/* Begin XCBuildConfiguration section */
		7A8B63A7254B18F7008B3417 /* Debug */ = {
			isa = XCBuildConfiguration;
			buildSettings = {
				ALWAYS_SEARCH_USER_PATHS = NO;
				CLANG_ANALYZER_NONNULL = YES;
				CLANG_ANALYZER_NUMBER_OBJECT_CONVERSION = YES_AGGRESSIVE;
				CLANG_CXX_LANGUAGE_STANDARD = "gnu++14";
				CLANG_CXX_LIBRARY = "libc++";
				CLANG_ENABLE_MODULES = YES;
				CLANG_ENABLE_OBJC_ARC = YES;
				CLANG_ENABLE_OBJC_WEAK = YES;
				CLANG_WARN_BLOCK_CAPTURE_AUTORELEASING = YES;
				CLANG_WARN_BOOL_CONVERSION = YES;
				CLANG_WARN_COMMA = YES;
				CLANG_WARN_CONSTANT_CONVERSION = YES;
				CLANG_WARN_DEPRECATED_OBJC_IMPLEMENTATIONS = YES;
				CLANG_WARN_DIRECT_OBJC_ISA_USAGE = YES_ERROR;
				CLANG_WARN_DOCUMENTATION_COMMENTS = YES;
				CLANG_WARN_EMPTY_BODY = YES;
				CLANG_WARN_ENUM_CONVERSION = YES;
				CLANG_WARN_INFINITE_RECURSION = YES;
				CLANG_WARN_INT_CONVERSION = YES;
				CLANG_WARN_NON_LITERAL_NULL_CONVERSION = YES;
				CLANG_WARN_OBJC_IMPLICIT_RETAIN_SELF = YES;
				CLANG_WARN_OBJC_LITERAL_CONVERSION = YES;
				CLANG_WARN_OBJC_ROOT_CLASS = YES_ERROR;
				CLANG_WARN_QUOTED_INCLUDE_IN_FRAMEWORK_HEADER = YES;
				CLANG_WARN_RANGE_LOOP_ANALYSIS = YES;
				CLANG_WARN_STRICT_PROTOTYPES = YES;
				CLANG_WARN_SUSPICIOUS_MOVE = YES;
				CLANG_WARN_UNGUARDED_AVAILABILITY = YES_AGGRESSIVE;
				CLANG_WARN_UNREACHABLE_CODE = YES;
				CLANG_WARN__DUPLICATE_METHOD_MATCH = YES;
				COPY_PHASE_STRIP = NO;
				DEBUG_INFORMATION_FORMAT = dwarf;
				ENABLE_STRICT_OBJC_MSGSEND = YES;
				ENABLE_TESTABILITY = YES;
				GCC_C_LANGUAGE_STANDARD = gnu11;
				GCC_DYNAMIC_NO_PIC = NO;
				GCC_NO_COMMON_BLOCKS = YES;
				GCC_OPTIMIZATION_LEVEL = 0;
				GCC_PREPROCESSOR_DEFINITIONS = (
					"DEBUG=1",
					"$(inherited)",
				);
				GCC_WARN_64_TO_32_BIT_CONVERSION = YES;
				GCC_WARN_ABOUT_RETURN_TYPE = YES_ERROR;
				GCC_WARN_UNDECLARED_SELECTOR = YES;
				GCC_WARN_UNINITIALIZED_AUTOS = YES_AGGRESSIVE;
				GCC_WARN_UNUSED_FUNCTION = YES;
				GCC_WARN_UNUSED_VARIABLE = YES;
				IPHONEOS_DEPLOYMENT_TARGET = 14.0;
				MTL_ENABLE_DEBUG_INFO = INCLUDE_SOURCE;
				MTL_FAST_MATH = YES;
				ONLY_ACTIVE_ARCH = YES;
				SDKROOT = iphoneos;
				SWIFT_ACTIVE_COMPILATION_CONDITIONS = DEBUG;
				SWIFT_OPTIMIZATION_LEVEL = "-Onone";
			};
			name = Debug;
		};
		7A8B63A8254B18F7008B3417 /* Release */ = {
			isa = XCBuildConfiguration;
			buildSettings = {
				ALWAYS_SEARCH_USER_PATHS = NO;
				CLANG_ANALYZER_NONNULL = YES;
				CLANG_ANALYZER_NUMBER_OBJECT_CONVERSION = YES_AGGRESSIVE;
				CLANG_CXX_LANGUAGE_STANDARD = "gnu++14";
				CLANG_CXX_LIBRARY = "libc++";
				CLANG_ENABLE_MODULES = YES;
				CLANG_ENABLE_OBJC_ARC = YES;
				CLANG_ENABLE_OBJC_WEAK = YES;
				CLANG_WARN_BLOCK_CAPTURE_AUTORELEASING = YES;
				CLANG_WARN_BOOL_CONVERSION = YES;
				CLANG_WARN_COMMA = YES;
				CLANG_WARN_CONSTANT_CONVERSION = YES;
				CLANG_WARN_DEPRECATED_OBJC_IMPLEMENTATIONS = YES;
				CLANG_WARN_DIRECT_OBJC_ISA_USAGE = YES_ERROR;
				CLANG_WARN_DOCUMENTATION_COMMENTS = YES;
				CLANG_WARN_EMPTY_BODY = YES;
				CLANG_WARN_ENUM_CONVERSION = YES;
				CLANG_WARN_INFINITE_RECURSION = YES;
				CLANG_WARN_INT_CONVERSION = YES;
				CLANG_WARN_NON_LITERAL_NULL_CONVERSION = YES;
				CLANG_WARN_OBJC_IMPLICIT_RETAIN_SELF = YES;
				CLANG_WARN_OBJC_LITERAL_CONVERSION = YES;
				CLANG_WARN_OBJC_ROOT_CLASS = YES_ERROR;
				CLANG_WARN_QUOTED_INCLUDE_IN_FRAMEWORK_HEADER = YES;
				CLANG_WARN_RANGE_LOOP_ANALYSIS = YES;
				CLANG_WARN_STRICT_PROTOTYPES = YES;
				CLANG_WARN_SUSPICIOUS_MOVE = YES;
				CLANG_WARN_UNGUARDED_AVAILABILITY = YES_AGGRESSIVE;
				CLANG_WARN_UNREACHABLE_CODE = YES;
				CLANG_WARN__DUPLICATE_METHOD_MATCH = YES;
				COPY_PHASE_STRIP = NO;
				DEBUG_INFORMATION_FORMAT = "dwarf-with-dsym";
				ENABLE_NS_ASSERTIONS = NO;
				ENABLE_STRICT_OBJC_MSGSEND = YES;
				GCC_C_LANGUAGE_STANDARD = gnu11;
				GCC_NO_COMMON_BLOCKS = YES;
				GCC_WARN_64_TO_32_BIT_CONVERSION = YES;
				GCC_WARN_ABOUT_RETURN_TYPE = YES_ERROR;
				GCC_WARN_UNDECLARED_SELECTOR = YES;
				GCC_WARN_UNINITIALIZED_AUTOS = YES_AGGRESSIVE;
				GCC_WARN_UNUSED_FUNCTION = YES;
				GCC_WARN_UNUSED_VARIABLE = YES;
				IPHONEOS_DEPLOYMENT_TARGET = 14.0;
				MTL_ENABLE_DEBUG_INFO = NO;
				MTL_FAST_MATH = YES;
				SDKROOT = iphoneos;
				SWIFT_COMPILATION_MODE = wholemodule;
				SWIFT_OPTIMIZATION_LEVEL = "-O";
				VALIDATE_PRODUCT = YES;
			};
			name = Release;
		};
		7A8B63AA254B18F7008B3417 /* Debug */ = {
			isa = XCBuildConfiguration;
			buildSettings = {
				ASSETCATALOG_COMPILER_APPICON_NAME = AppIcon;
				ASSETCATALOG_COMPILER_GLOBAL_ACCENT_COLOR_NAME = AccentColor;
				CODE_SIGN_STYLE = Automatic;
				INFOPLIST_FILE = SQL_test/Info.plist;
				LD_RUNPATH_SEARCH_PATHS = (
					"$(inherited)",
					"@executable_path/Frameworks",
				);
				PRODUCT_BUNDLE_IDENTIFIER = "EN.SQL-test";
				PRODUCT_NAME = "$(TARGET_NAME)";
				SWIFT_OBJC_BRIDGING_HEADER = SQL_test/BridgeHeader.h;
				SWIFT_VERSION = 5.0;
				TARGETED_DEVICE_FAMILY = "1,2";
			};
			name = Debug;
		};
		7A8B63AB254B18F7008B3417 /* Release */ = {
			isa = XCBuildConfiguration;
			buildSettings = {
				ASSETCATALOG_COMPILER_APPICON_NAME = AppIcon;
				ASSETCATALOG_COMPILER_GLOBAL_ACCENT_COLOR_NAME = AccentColor;
				CODE_SIGN_STYLE = Automatic;
				INFOPLIST_FILE = SQL_test/Info.plist;
				LD_RUNPATH_SEARCH_PATHS = (
					"$(inherited)",
					"@executable_path/Frameworks",
				);
				PRODUCT_BUNDLE_IDENTIFIER = "EN.SQL-test";
				PRODUCT_NAME = "$(TARGET_NAME)";
				SWIFT_OBJC_BRIDGING_HEADER = SQL_test/BridgeHeader.h;
				SWIFT_VERSION = 5.0;
				TARGETED_DEVICE_FAMILY = "1,2";
			};
			name = Release;
		};
/* End XCBuildConfiguration section */

/* Begin XCConfigurationList section */
		7A8B6390254B18E9008B3417 /* Build configuration list for PBXProject "SQL_test" */ = {
			isa = XCConfigurationList;
			buildConfigurations = (
				7A8B63A7254B18F7008B3417 /* Debug */,
				7A8B63A8254B18F7008B3417 /* Release */,
			);
			defaultConfigurationIsVisible = 0;
			defaultConfigurationName = Release;
		};
		7A8B63A9254B18F7008B3417 /* Build configuration list for PBXNativeTarget "SQL_test" */ = {
			isa = XCConfigurationList;
			buildConfigurations = (
				7A8B63AA254B18F7008B3417 /* Debug */,
				7A8B63AB254B18F7008B3417 /* Release */,
			);
			defaultConfigurationIsVisible = 0;
			defaultConfigurationName = Release;
		};
/* End XCConfigurationList section */
	};
	rootObject = 7A8B638D254B18E9008B3417 /* Project object */;
}
